
Microsoft Visual Studio Solution File, Format Version 12.00
# Visual Studio Version 17
VisualStudioVersion = 17.13.35617.110 d17.13
MinimumVisualStudioVersion = 10.0.40219.1
Project("{888888A0-9F3D-457C-B088-3A5042F75D52}") = "Radar", "Radar\Radar.pyproj", "{01DA321E-0A4C-48A9-B86D-F2A3163896D7}"
EndProject
Global
	GlobalSection(SolutionConfigurationPlatforms) = preSolution
		Debug|Any CPU = Debug|Any CPU
		Release|Any CPU = Release|Any CPU
	EndGlobalSection
	GlobalSection(ProjectConfigurationPlatforms) = postSolution
		{01DA321E-0A4C-48A9-B86D-F2A3163896D7}.Debug|Any CPU.ActiveCfg = Debug|Any CPU
		{01DA321E-0A4C-48A9-B86D-F2A3163896D7}.Release|Any CPU.ActiveCfg = Release|Any CPU
	EndGlobalSection
	GlobalSection(SolutionProperties) = preSolution
		HideSolutionNode = FALSE
	EndGlobalSection
	GlobalSection(ExtensibilityGlobals) = postSolution
		SolutionGuid = {38CCBE80-72CD-475B-AEE7-4DC2C1475262}
	EndGlobalSection
EndGlobal
